
Microsoft Visual Studio Solution File, Format Version 12.00
# Visual Studio Version 17
VisualStudioVersion = 17.11.35312.102
MinimumVisualStudioVersion = 10.0.40219.1
Project("{FAE04EC0-301F-11D3-BF4B-00C04F79EFBC}") = "Student", "Student\Student.csproj", "{EDF06338-BA01-4D08-8471-5E7FE32C548A}"
EndProject
Global
	GlobalSection(SolutionConfigurationPlatforms) = preSolution
		Debug|Any CPU = Debug|Any CPU
		Release|Any CPU = Release|Any CPU
	EndGlobalSection
	GlobalSection(ProjectConfigurationPlatforms) = postSolution
		{EDF06338-BA01-4D08-8471-5E7FE32C548A}.Debug|Any CPU.ActiveCfg = Debug|Any CPU
		{EDF06338-BA01-4D08-8471-5E7FE32C548A}.Debug|Any CPU.Build.0 = Debug|Any CPU
		{EDF06338-BA01-4D08-8471-5E7FE32C548A}.Release|Any CPU.ActiveCfg = Release|Any CPU
		{EDF06338-BA01-4D08-8471-5E7FE32C548A}.Release|Any CPU.Build.0 = Release|Any CPU
	EndGlobalSection
	GlobalSection(SolutionProperties) = preSolution
		HideSolutionNode = FALSE
	EndGlobalSection
	GlobalSection(ExtensibilityGlobals) = postSolution
		SolutionGuid = {74577628-896D-4545-B398-6CFD23BE125A}
	EndGlobalSection
EndGlobal
